dependencies:
- name: gluon
  repository: oci://registry.dso.mil/platform-one/big-bang/apps/library-charts/gluon
  version: 0.2.4
- name: loki-simple-scalable
  repository: file://subcharts/loki-simple-scalable
  version: 0.1.0
- name: loki
  repository: file://subcharts/loki
  version: 2.8.5
digest: sha256:e5b46e2448b120e2edadda446a27b4652ffad34348aab87e01aa3f5a7b5a835a
generated: "2022-01-12T07:58:28.157211-05:00"
