dependencies:
- name: gluon
  repository: oci://registry.dso.mil/platform-one/big-bang/apps/library-charts/gluon
  version: 0.2.4
- name: loki-simple-scalable
  repository: file://subcharts/loki-simple-scalable
  version: 0.1.0
- name: loki
  repository: file://subcharts/loki
  version: 2.8.5
digest: sha256:43548653815ba214b807ad69a628aa48ad61a704b595be433f543553887cdfc9
generated: "2022-01-13T16:08:24.685802-05:00"
